Microsoft Visual Studio Solution File, Format Version 12.00
# Visual Studio 2012
Project("{FAE04EC0-301F-11D3-BF4B-00C04F79EFBC}") = "New Game Project", "New Game Project.csproj", "{439242FF-F625-4A5D-876C-4B5E5E54681F}"
EndProject
Global
	GlobalSection(SolutionConfigurationPlatforms) = preSolution
	Debug|Any CPU = Debug|Any CPU
	ExportDebug|Any CPU = ExportDebug|Any CPU
	ExportRelease|Any CPU = ExportRelease|Any CPU
	EndGlobalSection
	GlobalSection(ProjectConfigurationPlatforms) = postSolution
		{439242FF-F625-4A5D-876C-4B5E5E54681F}.Debug|Any CPU.ActiveCfg = Debug|Any CPU
		{439242FF-F625-4A5D-876C-4B5E5E54681F}.Debug|Any CPU.Build.0 = Debug|Any CPU
		{439242FF-F625-4A5D-876C-4B5E5E54681F}.ExportDebug|Any CPU.ActiveCfg = ExportDebug|Any CPU
		{439242FF-F625-4A5D-876C-4B5E5E54681F}.ExportDebug|Any CPU.Build.0 = ExportDebug|Any CPU
		{439242FF-F625-4A5D-876C-4B5E5E54681F}.ExportRelease|Any CPU.ActiveCfg = ExportRelease|Any CPU
		{439242FF-F625-4A5D-876C-4B5E5E54681F}.ExportRelease|Any CPU.Build.0 = ExportRelease|Any CPU
	EndGlobalSection
EndGlobal
